
Microsoft Visual Studio Solution File, Format Version 12.00
# Visual Studio 15
VisualStudioVersion = 15.0.26430.16
MinimumVisualStudioVersion = 10.0.40219.1
Project("{8BC9CEB8-8B4A-11D0-8D11-00A0C91BC942}") = "Ape", "Ape\Ape.vcxproj", "{EE757BA9-3018-40F6-A4BF-B801DD65FF66}"
EndProject
Project("{8BC9CEB8-8B4A-11D0-8D11-00A0C91BC942}") = "Sniffer", "Sniffer\Sniffer.vcxproj", "{A0D09316-FC10-46A0-95C4-4E37F9BD78DF}"
EndProject
Project("{FAE04EC0-301F-11D3-BF4B-00C04F79EFBC}") = "ClientRequestSniffer", "HttpReverseProxy\ClientRequestSniffer\ClientRequestSniffer.csproj", "{E49DF12A-F849-4EE4-A47B-B2A02BA4DB44}"
EndProject
Project("{2150E333-8FDC-42A3-9474-1A3956D46DE8}") = "HttpReverseProxy", "HttpReverseProxy", "{D6EA932A-AC2B-45B2-9CD6-77F665283AF7}"
EndProject
Project("{2150E333-8FDC-42A3-9474-1A3956D46DE8}") = "Plugins", "Plugins", "{DA480286-B228-4666-A19D-FA6D4AA8925C}"
EndProject
Project("{FAE04EC0-301F-11D3-BF4B-00C04F79EFBC}") = "HostMapping", "HttpReverseProxy\HostMapping\HostMapping.csproj", "{2C2FF23C-B3C4-4975-8F25-B97F90E8BFBF}"
EndProject
Project("{FAE04EC0-301F-11D3-BF4B-00C04F79EFBC}") = "InjectCode", "HttpReverseProxy\InjectCode\InjectCode.csproj", "{588AB45A-1289-4F7B-A86E-4A2A1E6C377D}"
EndProject
Project("{FAE04EC0-301F-11D3-BF4B-00C04F79EFBC}") = "InjectFile", "HttpReverseProxy\InjectFile\InjectFile.csproj", "{FD78F8C5-A16A-4605-9391-9FA74200442D}"
EndProject
Project("{FAE04EC0-301F-11D3-BF4B-00C04F79EFBC}") = "RequestRedirect", "HttpReverseProxy\RequestRedirect\RequestRedirect.csproj", "{DE17E245-AD36-452A-9555-5EB5DDABD183}"
EndProject
Project("{FAE04EC0-301F-11D3-BF4B-00C04F79EFBC}") = "SslStrip", "HttpReverseProxy\SslStrip\SslStrip.csproj", "{D449D92E-27B1-4995-98FB-3BB706F22171}"
EndProject
Project("{FAE04EC0-301F-11D3-BF4B-00C04F79EFBC}") = "Weaken", "HttpReverseProxy\Weaken\Weaken.csproj", "{F96AC5EF-0EF7-4224-B088-BD864BA0F293}"
EndProject
Project("{FAE04EC0-301F-11D3-BF4B-00C04F79EFBC}") = "HttpReverseProxy", "HttpReverseProxy\HttpReverseProxy\HttpReverseProxy.csproj", "{613CC690-9772-4A80-8F08-EF9435D471F6}"
EndProject
Project("{FAE04EC0-301F-11D3-BF4B-00C04F79EFBC}") = "HttpReverseProxyLib", "HttpReverseProxy\HttpReverseProxyLib\HttpReverseProxyLib.csproj", "{E30FA5DF-3DBB-41B1-A325-27D478757FFB}"
EndProject
Global
	GlobalSection(SolutionConfigurationPlatforms) = preSolution
		Debug|Any CPU = Debug|Any CPU
		Debug|x64 = Debug|x64
		Debug|x86 = Debug|x86
		Release|Any CPU = Release|Any CPU
		Release|x64 = Release|x64
		Release|x86 = Release|x86
	EndGlobalSection
	GlobalSection(ProjectConfigurationPlatforms) = postSolution
		{EE757BA9-3018-40F6-A4BF-B801DD65FF66}.Debug|Any CPU.ActiveCfg = Debug|Win32
		{EE757BA9-3018-40F6-A4BF-B801DD65FF66}.Debug|Any CPU.Build.0 = Debug|Win32
		{EE757BA9-3018-40F6-A4BF-B801DD65FF66}.Debug|x64.ActiveCfg = Release|Win32
		{EE757BA9-3018-40F6-A4BF-B801DD65FF66}.Debug|x64.Build.0 = Release|Win32
		{EE757BA9-3018-40F6-A4BF-B801DD65FF66}.Debug|x64.Deploy.0 = Debug|x64
		{EE757BA9-3018-40F6-A4BF-B801DD65FF66}.Debug|x86.ActiveCfg = Release|Win32
		{EE757BA9-3018-40F6-A4BF-B801DD65FF66}.Debug|x86.Build.0 = Release|Win32
		{EE757BA9-3018-40F6-A4BF-B801DD65FF66}.Debug|x86.Deploy.0 = Debug|Win32
		{EE757BA9-3018-40F6-A4BF-B801DD65FF66}.Release|Any CPU.ActiveCfg = Release|Win32
		{EE757BA9-3018-40F6-A4BF-B801DD65FF66}.Release|Any CPU.Build.0 = Release|Win32
		{EE757BA9-3018-40F6-A4BF-B801DD65FF66}.Release|x64.ActiveCfg = Release|Win32
		{EE757BA9-3018-40F6-A4BF-B801DD65FF66}.Release|x64.Build.0 = Release|Win32
		{EE757BA9-3018-40F6-A4BF-B801DD65FF66}.Release|x64.Deploy.0 = Release|x64
		{EE757BA9-3018-40F6-A4BF-B801DD65FF66}.Release|x86.ActiveCfg = Release|Win32
		{EE757BA9-3018-40F6-A4BF-B801DD65FF66}.Release|x86.Build.0 = Release|Win32
		{EE757BA9-3018-40F6-A4BF-B801DD65FF66}.Release|x86.Deploy.0 = Release|Win32
		{A0D09316-FC10-46A0-95C4-4E37F9BD78DF}.Debug|Any CPU.ActiveCfg = Debug|Win32
		{A0D09316-FC10-46A0-95C4-4E37F9BD78DF}.Debug|Any CPU.Build.0 = Debug|Win32
		{A0D09316-FC10-46A0-95C4-4E37F9BD78DF}.Debug|x64.ActiveCfg = Release|Win32
		{A0D09316-FC10-46A0-95C4-4E37F9BD78DF}.Debug|x64.Build.0 = Release|Win32
		{A0D09316-FC10-46A0-95C4-4E37F9BD78DF}.Debug|x86.ActiveCfg = Release|Win32
		{A0D09316-FC10-46A0-95C4-4E37F9BD78DF}.Debug|x86.Build.0 = Release|Win32
		{A0D09316-FC10-46A0-95C4-4E37F9BD78DF}.Release|Any CPU.ActiveCfg = Release|Win32
		{A0D09316-FC10-46A0-95C4-4E37F9BD78DF}.Release|Any CPU.Build.0 = Release|Win32
		{A0D09316-FC10-46A0-95C4-4E37F9BD78DF}.Release|x64.ActiveCfg = Release|Win32
		{A0D09316-FC10-46A0-95C4-4E37F9BD78DF}.Release|x64.Build.0 = Release|Win32
		{A0D09316-FC10-46A0-95C4-4E37F9BD78DF}.Release|x86.ActiveCfg = Release|Win32
		{A0D09316-FC10-46A0-95C4-4E37F9BD78DF}.Release|x86.Build.0 = Release|Win32
		{E49DF12A-F849-4EE4-A47B-B2A02BA4DB44}.Debug|Any CPU.ActiveCfg = Debug|Any CPU
		{E49DF12A-F849-4EE4-A47B-B2A02BA4DB44}.Debug|Any CPU.Build.0 = Debug|Any CPU
		{E49DF12A-F849-4EE4-A47B-B2A02BA4DB44}.Debug|x64.ActiveCfg = Release|Any CPU
		{E49DF12A-F849-4EE4-A47B-B2A02BA4DB44}.Debug|x64.Build.0 = Release|Any CPU
		{E49DF12A-F849-4EE4-A47B-B2A02BA4DB44}.Debug|x86.ActiveCfg = Release|Any CPU
		{E49DF12A-F849-4EE4-A47B-B2A02BA4DB44}.Debug|x86.Build.0 = Release|Any CPU
		{E49DF12A-F849-4EE4-A47B-B2A02BA4DB44}.Release|Any CPU.ActiveCfg = Release|Any CPU
		{E49DF12A-F849-4EE4-A47B-B2A02BA4DB44}.Release|Any CPU.Build.0 = Release|Any CPU
		{E49DF12A-F849-4EE4-A47B-B2A02BA4DB44}.Release|x64.ActiveCfg = Release|Any CPU
		{E49DF12A-F849-4EE4-A47B-B2A02BA4DB44}.Release|x64.Build.0 = Release|Any CPU
		{E49DF12A-F849-4EE4-A47B-B2A02BA4DB44}.Release|x86.ActiveCfg = Release|Any CPU
		{E49DF12A-F849-4EE4-A47B-B2A02BA4DB44}.Release|x86.Build.0 = Release|Any CPU
		{2C2FF23C-B3C4-4975-8F25-B97F90E8BFBF}.Debug|Any CPU.ActiveCfg = Debug|Any CPU
		{2C2FF23C-B3C4-4975-8F25-B97F90E8BFBF}.Debug|Any CPU.Build.0 = Debug|Any CPU
		{2C2FF23C-B3C4-4975-8F25-B97F90E8BFBF}.Debug|x64.ActiveCfg = Release|Any CPU
		{2C2FF23C-B3C4-4975-8F25-B97F90E8BFBF}.Debug|x64.Build.0 = Release|Any CPU
		{2C2FF23C-B3C4-4975-8F25-B97F90E8BFBF}.Debug|x86.ActiveCfg = Release|Any CPU
		{2C2FF23C-B3C4-4975-8F25-B97F90E8BFBF}.Debug|x86.Build.0 = Release|Any CPU
		{2C2FF23C-B3C4-4975-8F25-B97F90E8BFBF}.Release|Any CPU.ActiveCfg = Release|Any CPU
		{2C2FF23C-B3C4-4975-8F25-B97F90E8BFBF}.Release|Any CPU.Build.0 = Release|Any CPU
		{2C2FF23C-B3C4-4975-8F25-B97F90E8BFBF}.Release|x64.ActiveCfg = Release|Any CPU
		{2C2FF23C-B3C4-4975-8F25-B97F90E8BFBF}.Release|x64.Build.0 = Release|Any CPU
		{2C2FF23C-B3C4-4975-8F25-B97F90E8BFBF}.Release|x86.ActiveCfg = Release|Any CPU
		{2C2FF23C-B3C4-4975-8F25-B97F90E8BFBF}.Release|x86.Build.0 = Release|Any CPU
		{588AB45A-1289-4F7B-A86E-4A2A1E6C377D}.Debug|Any CPU.ActiveCfg = Debug|Any CPU
		{588AB45A-1289-4F7B-A86E-4A2A1E6C377D}.Debug|Any CPU.Build.0 = Debug|Any CPU
		{588AB45A-1289-4F7B-A86E-4A2A1E6C377D}.Debug|x64.ActiveCfg = Release|Any CPU
		{588AB45A-1289-4F7B-A86E-4A2A1E6C377D}.Debug|x64.Build.0 = Release|Any CPU
		{588AB45A-1289-4F7B-A86E-4A2A1E6C377D}.Debug|x86.ActiveCfg = Release|Any CPU
		{588AB45A-1289-4F7B-A86E-4A2A1E6C377D}.Debug|x86.Build.0 = Release|Any CPU
		{588AB45A-1289-4F7B-A86E-4A2A1E6C377D}.Release|Any CPU.ActiveCfg = Release|Any CPU
		{588AB45A-1289-4F7B-A86E-4A2A1E6C377D}.Release|Any CPU.Build.0 = Release|Any CPU
		{588AB45A-1289-4F7B-A86E-4A2A1E6C377D}.Release|x64.ActiveCfg = Release|Any CPU
		{588AB45A-1289-4F7B-A86E-4A2A1E6C377D}.Release|x64.Build.0 = Release|Any CPU
		{588AB45A-1289-4F7B-A86E-4A2A1E6C377D}.Release|x86.ActiveCfg = Release|Any CPU
		{588AB45A-1289-4F7B-A86E-4A2A1E6C377D}.Release|x86.Build.0 = Release|Any CPU
		{FD78F8C5-A16A-4605-9391-9FA74200442D}.Debug|Any CPU.ActiveCfg = Debug|Any CPU
		{FD78F8C5-A16A-4605-9391-9FA74200442D}.Debug|Any CPU.Build.0 = Debug|Any CPU
		{FD78F8C5-A16A-4605-9391-9FA74200442D}.Debug|x64.ActiveCfg = Release|Any CPU
		{FD78F8C5-A16A-4605-9391-9FA74200442D}.Debug|x64.Build.0 = Release|Any CPU
		{FD78F8C5-A16A-4605-9391-9FA74200442D}.Debug|x86.ActiveCfg = Release|Any CPU
		{FD78F8C5-A16A-4605-9391-9FA74200442D}.Debug|x86.Build.0 = Release|Any CPU
		{FD78F8C5-A16A-4605-9391-9FA74200442D}.Release|Any CPU.ActiveCfg = Release|Any CPU
		{FD78F8C5-A16A-4605-9391-9FA74200442D}.Release|Any CPU.Build.0 = Release|Any CPU
		{FD78F8C5-A16A-4605-9391-9FA74200442D}.Release|x64.ActiveCfg = Release|Any CPU
		{FD78F8C5-A16A-4605-9391-9FA74200442D}.Release|x64.Build.0 = Release|Any CPU
		{FD78F8C5-A16A-4605-9391-9FA74200442D}.Release|x86.ActiveCfg = Release|Any CPU
		{FD78F8C5-A16A-4605-9391-9FA74200442D}.Release|x86.Build.0 = Release|Any CPU
		{DE17E245-AD36-452A-9555-5EB5DDABD183}.Debug|Any CPU.ActiveCfg = Debug|Any CPU
		{DE17E245-AD36-452A-9555-5EB5DDABD183}.Debug|Any CPU.Build.0 = Debug|Any CPU
		{DE17E245-AD36-452A-9555-5EB5DDABD183}.Debug|x64.ActiveCfg = Release|Any CPU
		{DE17E245-AD36-452A-9555-5EB5DDABD183}.Debug|x64.Build.0 = Release|Any CPU
		{DE17E245-AD36-452A-9555-5EB5DDABD183}.Debug|x86.ActiveCfg = Release|Any CPU
		{DE17E245-AD36-452A-9555-5EB5DDABD183}.Debug|x86.Build.0 = Release|Any CPU
		{DE17E245-AD36-452A-9555-5EB5DDABD183}.Release|Any CPU.ActiveCfg = Release|Any CPU
		{DE17E245-AD36-452A-9555-5EB5DDABD183}.Release|Any CPU.Build.0 = Release|Any CPU
		{DE17E245-AD36-452A-9555-5EB5DDABD183}.Release|x64.ActiveCfg = Release|Any CPU
		{DE17E245-AD36-452A-9555-5EB5DDABD183}.Release|x64.Build.0 = Release|Any CPU
		{DE17E245-AD36-452A-9555-5EB5DDABD183}.Release|x86.ActiveCfg = Release|Any CPU
		{DE17E245-AD36-452A-9555-5EB5DDABD183}.Release|x86.Build.0 = Release|Any CPU
		{D449D92E-27B1-4995-98FB-3BB706F22171}.Debug|Any CPU.ActiveCfg = Debug|Any CPU
		{D449D92E-27B1-4995-98FB-3BB706F22171}.Debug|Any CPU.Build.0 = Debug|Any CPU
		{D449D92E-27B1-4995-98FB-3BB706F22171}.Debug|x64.ActiveCfg = Release|Any CPU
		{D449D92E-27B1-4995-98FB-3BB706F22171}.Debug|x64.Build.0 = Release|Any CPU
		{D449D92E-27B1-4995-98FB-3BB706F22171}.Debug|x86.ActiveCfg = Release|Any CPU
		{D449D92E-27B1-4995-98FB-3BB706F22171}.Debug|x86.Build.0 = Release|Any CPU
		{D449D92E-27B1-4995-98FB-3BB706F22171}.Release|Any CPU.ActiveCfg = Release|Any CPU
		{D449D92E-27B1-4995-98FB-3BB706F22171}.Release|Any CPU.Build.0 = Release|Any CPU
		{D449D92E-27B1-4995-98FB-3BB706F22171}.Release|x64.ActiveCfg = Release|Any CPU
		{D449D92E-27B1-4995-98FB-3BB706F22171}.Release|x64.Build.0 = Release|Any CPU
		{D449D92E-27B1-4995-98FB-3BB706F22171}.Release|x86.ActiveCfg = Release|Any CPU
		{D449D92E-27B1-4995-98FB-3BB706F22171}.Release|x86.Build.0 = Release|Any CPU
		{F96AC5EF-0EF7-4224-B088-BD864BA0F293}.Debug|Any CPU.ActiveCfg = Debug|Any CPU
		{F96AC5EF-0EF7-4224-B088-BD864BA0F293}.Debug|Any CPU.Build.0 = Debug|Any CPU
		{F96AC5EF-0EF7-4224-B088-BD864BA0F293}.Debug|x64.ActiveCfg = Release|Any CPU
		{F96AC5EF-0EF7-4224-B088-BD864BA0F293}.Debug|x64.Build.0 = Release|Any CPU
		{F96AC5EF-0EF7-4224-B088-BD864BA0F293}.Debug|x86.ActiveCfg = Release|Any CPU
		{F96AC5EF-0EF7-4224-B088-BD864BA0F293}.Debug|x86.Build.0 = Release|Any CPU
		{F96AC5EF-0EF7-4224-B088-BD864BA0F293}.Release|Any CPU.ActiveCfg = Release|Any CPU
		{F96AC5EF-0EF7-4224-B088-BD864BA0F293}.Release|Any CPU.Build.0 = Release|Any CPU
		{F96AC5EF-0EF7-4224-B088-BD864BA0F293}.Release|x64.ActiveCfg = Release|Any CPU
		{F96AC5EF-0EF7-4224-B088-BD864BA0F293}.Release|x64.Build.0 = Release|Any CPU
		{F96AC5EF-0EF7-4224-B088-BD864BA0F293}.Release|x86.ActiveCfg = Release|Any CPU
		{F96AC5EF-0EF7-4224-B088-BD864BA0F293}.Release|x86.Build.0 = Release|Any CPU
		{613CC690-9772-4A80-8F08-EF9435D471F6}.Debug|Any CPU.ActiveCfg = Debug|Any CPU
		{613CC690-9772-4A80-8F08-EF9435D471F6}.Debug|Any CPU.Build.0 = Debug|Any CPU
		{613CC690-9772-4A80-8F08-EF9435D471F6}.Debug|x64.ActiveCfg = Release|Any CPU
		{613CC690-9772-4A80-8F08-EF9435D471F6}.Debug|x64.Build.0 = Release|Any CPU
		{613CC690-9772-4A80-8F08-EF9435D471F6}.Debug|x86.ActiveCfg = Release|Any CPU
		{613CC690-9772-4A80-8F08-EF9435D471F6}.Debug|x86.Build.0 = Release|Any CPU
		{613CC690-9772-4A80-8F08-EF9435D471F6}.Release|Any CPU.ActiveCfg = Release|Any CPU
		{613CC690-9772-4A80-8F08-EF9435D471F6}.Release|Any CPU.Build.0 = Release|Any CPU
		{613CC690-9772-4A80-8F08-EF9435D471F6}.Release|x64.ActiveCfg = Release|Any CPU
		{613CC690-9772-4A80-8F08-EF9435D471F6}.Release|x64.Build.0 = Release|Any CPU
		{613CC690-9772-4A80-8F08-EF9435D471F6}.Release|x86.ActiveCfg = Release|Any CPU
		{613CC690-9772-4A80-8F08-EF9435D471F6}.Release|x86.Build.0 = Release|Any CPU
		{E30FA5DF-3DBB-41B1-A325-27D478757FFB}.Debug|Any CPU.ActiveCfg = Debug|Any CPU
		{E30FA5DF-3DBB-41B1-A325-27D478757FFB}.Debug|Any CPU.Build.0 = Debug|Any CPU
		{E30FA5DF-3DBB-41B1-A325-27D478757FFB}.Debug|x64.ActiveCfg = Release|Any CPU
		{E30FA5DF-3DBB-41B1-A325-27D478757FFB}.Debug|x64.Build.0 = Release|Any CPU
		{E30FA5DF-3DBB-41B1-A325-27D478757FFB}.Debug|x86.ActiveCfg = Release|Any CPU
		{E30FA5DF-3DBB-41B1-A325-27D478757FFB}.Debug|x86.Build.0 = Release|Any CPU
		{E30FA5DF-3DBB-41B1-A325-27D478757FFB}.Release|Any CPU.ActiveCfg = Release|Any CPU
		{E30FA5DF-3DBB-41B1-A325-27D478757FFB}.Release|Any CPU.Build.0 = Release|Any CPU
		{E30FA5DF-3DBB-41B1-A325-27D478757FFB}.Release|x64.ActiveCfg = Release|Any CPU
		{E30FA5DF-3DBB-41B1-A325-27D478757FFB}.Release|x64.Build.0 = Release|Any CPU
		{E30FA5DF-3DBB-41B1-A325-27D478757FFB}.Release|x86.ActiveCfg = Release|Any CPU
		{E30FA5DF-3DBB-41B1-A325-27D478757FFB}.Release|x86.Build.0 = Release|Any CPU
	EndGlobalSection
	GlobalSection(SolutionProperties) = preSolution
		HideSolutionNode = FALSE
	EndGlobalSection
	GlobalSection(NestedProjects) = preSolution
		{E49DF12A-F849-4EE4-A47B-B2A02BA4DB44} = {DA480286-B228-4666-A19D-FA6D4AA8925C}
		{DA480286-B228-4666-A19D-FA6D4AA8925C} = {D6EA932A-AC2B-45B2-9CD6-77F665283AF7}
		{2C2FF23C-B3C4-4975-8F25-B97F90E8BFBF} = {DA480286-B228-4666-A19D-FA6D4AA8925C}
		{588AB45A-1289-4F7B-A86E-4A2A1E6C377D} = {DA480286-B228-4666-A19D-FA6D4AA8925C}
		{FD78F8C5-A16A-4605-9391-9FA74200442D} = {DA480286-B228-4666-A19D-FA6D4AA8925C}
		{DE17E245-AD36-452A-9555-5EB5DDABD183} = {DA480286-B228-4666-A19D-FA6D4AA8925C}
		{D449D92E-27B1-4995-98FB-3BB706F22171} = {DA480286-B228-4666-A19D-FA6D4AA8925C}
		{F96AC5EF-0EF7-4224-B088-BD864BA0F293} = {DA480286-B228-4666-A19D-FA6D4AA8925C}
		{613CC690-9772-4A80-8F08-EF9435D471F6} = {D6EA932A-AC2B-45B2-9CD6-77F665283AF7}
		{E30FA5DF-3DBB-41B1-A325-27D478757FFB} = {D6EA932A-AC2B-45B2-9CD6-77F665283AF7}
	EndGlobalSection
EndGlobal
