<?xml version="1.0" encoding="utf-8"?>
<Project ToolsVersion="4.0" xmlns="http://schemas.microsoft.com/developer/msbuild/2003">
  <ItemGroup>
    <Filter Include="Source Files">
      <UniqueIdentifier>{4FC737F1-C7A5-4376-A066-2A32D752A2FF}</UniqueIdentifier>
      <Extensions>cpp;c;cc;cxx;def;odl;idl;hpj;bat;asm;asmx</Extensions>
    </Filter>
    <Filter Include="Header Files">
      <UniqueIdentifier>{93995380-89BD-4b04-88EB-625FBE52EBFB}</UniqueIdentifier>
      <Extensions>h;hh;hpp;hxx;hm;inl;inc;xsd</Extensions>
    </Filter>
    <Filter Include="Source Files\getopt">
      <UniqueIdentifier>{e174aa61-4d4b-4e76-8a5b-a0060c5e07d2}</UniqueIdentifier>
    </Filter>
    <Filter Include="Source Files\LinkedList">
      <UniqueIdentifier>{a9daac01-e2c7-4e36-86ab-c38b0b251bc4}</UniqueIdentifier>
    </Filter>
    <Filter Include="Header Files\LinkedList">
      <UniqueIdentifier>{762544bb-7137-477f-9239-ce45806a8ee5}</UniqueIdentifier>
    </Filter>
    <Filter Include="Header Files\Logging">
      <UniqueIdentifier>{f492f00c-fb0f-4d67-a67b-baf9f923e8ac}</UniqueIdentifier>
    </Filter>
    <Filter Include="Source Files\Logging">
      <UniqueIdentifier>{e10e29c8-21f6-475c-9e3e-fd64ace0f93b}</UniqueIdentifier>
    </Filter>
  </ItemGroup>
  <ItemGroup>
    <ClCompile Include="SniffAndEvaluate.c">
      <Filter>Source Files</Filter>
    </ClCompile>
    <ClCompile Include="NetworkFunctions.c">
      <Filter>Source Files</Filter>
    </ClCompile>
    <ClCompile Include="DnsParser.c">
      <Filter>Source Files</Filter>
    </ClCompile>
    <ClCompile Include="Interface.c">
      <Filter>Source Files</Filter>
    </ClCompile>
    <ClCompile Include="getopt.c">
      <Filter>Source Files\getopt</Filter>
    </ClCompile>
    <ClCompile Include="GenericSniffer.c">
      <Filter>Source Files</Filter>
    </ClCompile>
    <ClCompile Include="ApeSniffer.c">
      <Filter>Source Files</Filter>
    </ClCompile>
    <ClCompile Include="LinkedListConnections.c">
      <Filter>Source Files\LinkedList</Filter>
    </ClCompile>
    <ClCompile Include="LinkedListSystems.c">
      <Filter>Source Files\LinkedList</Filter>
    </ClCompile>
    <ClCompile Include="Logging.c">
      <Filter>Source Files\Logging</Filter>
    </ClCompile>
  </ItemGroup>
  <ItemGroup>
    <ClInclude Include="NetBase.h">
      <Filter>Header Files</Filter>
    </ClInclude>
    <ClInclude Include="SniffAndEvaluate.h">
      <Filter>Header Files</Filter>
    </ClInclude>
    <ClInclude Include="NetworkFunctions.h">
      <Filter>Header Files</Filter>
    </ClInclude>
    <ClInclude Include="PacketProxy.h">
      <Filter>Header Files</Filter>
    </ClInclude>
    <ClInclude Include="GenericSniffer.h">
      <Filter>Header Files</Filter>
    </ClInclude>
    <ClInclude Include="getopt.h">
      <Filter>Source Files\getopt</Filter>
    </ClInclude>
    <ClInclude Include="ApeSniffer.h">
      <Filter>Header Files</Filter>
    </ClInclude>
    <ClInclude Include="LinkedListConnections.h">
      <Filter>Header Files\LinkedList</Filter>
    </ClInclude>
    <ClInclude Include="LinkedListSystems.h">
      <Filter>Header Files\LinkedList</Filter>
    </ClInclude>
    <ClInclude Include="Logging.h">
      <Filter>Header Files\Logging</Filter>
    </ClInclude>
  </ItemGroup>
  <ItemGroup>
    <None Include="packages.config" />
  </ItemGroup>
</Project>