<?xml version="1.0" encoding="utf-8"?>
<Project ToolsVersion="4.0" xmlns="http://schemas.microsoft.com/developer/msbuild/2003">
  <ItemGroup>
    <Filter Include="Source Files">
      <UniqueIdentifier>{4FC737F1-C7A5-4376-A066-2A32D752A2FF}</UniqueIdentifier>
      <Extensions>cpp;c;cc;cxx;def;odl;idl;hpj;bat;asm;asmx</Extensions>
    </Filter>
    <Filter Include="Header Files">
      <UniqueIdentifier>{93995380-89BD-4b04-88EB-625FBE52EBFB}</UniqueIdentifier>
      <Extensions>h;hh;hpp;hxx;hm;inl;inc;xsd</Extensions>
    </Filter>
    <Filter Include="Resource Files">
      <UniqueIdentifier>{67DA6AB6-F800-4c08-8B7A-83BB121AAD01}</UniqueIdentifier>
      <Extensions>rc;ico;cur;bmp;dlg;rc2;rct;bin;rgs;gif;jpg;jpeg;jpe;resx;tiff;tif;png;wav;mfcribbon-ms</Extensions>
    </Filter>
    <Filter Include="Header Files\Logging">
      <UniqueIdentifier>{736e7296-3f14-46f7-a719-1237df13a4c5}</UniqueIdentifier>
    </Filter>
    <Filter Include="Source Files\Logging">
      <UniqueIdentifier>{f11bf104-6cf9-488e-b83e-deb852637474}</UniqueIdentifier>
    </Filter>
    <Filter Include="Header Files\LinkedList">
      <UniqueIdentifier>{3620e96f-55b1-489e-b1e0-3325dacfada5}</UniqueIdentifier>
    </Filter>
    <Filter Include="Header Files\Network">
      <UniqueIdentifier>{a070f9ba-1562-4f0e-9d4b-454b6e866ba0}</UniqueIdentifier>
    </Filter>
    <Filter Include="Source Files\LinkedList">
      <UniqueIdentifier>{24e7785c-7864-4cd8-8026-244f8a1958a0}</UniqueIdentifier>
    </Filter>
    <Filter Include="Source Files\Network">
      <UniqueIdentifier>{50d33f5a-7aa8-4564-b4a4-117172ab119e}</UniqueIdentifier>
    </Filter>
    <Filter Include="Header Files\Modes">
      <UniqueIdentifier>{9610a2f2-7980-43b2-89eb-bf12d16773e7}</UniqueIdentifier>
    </Filter>
    <Filter Include="Source Files\Modes">
      <UniqueIdentifier>{e51dd249-6bb5-48c6-8f95-0156b031f1ba}</UniqueIdentifier>
    </Filter>
  </ItemGroup>
  <ItemGroup>
    <ClCompile Include="getopt.c">
      <Filter>Source Files</Filter>
    </ClCompile>
    <ClCompile Include="Logging.c">
      <Filter>Source Files\Logging</Filter>
    </ClCompile>
    <ClCompile Include="RouterIPv4.c">
      <Filter>Source Files</Filter>
    </ClCompile>
    <ClCompile Include="Config.c">
      <Filter>Source Files</Filter>
    </ClCompile>
    <ClCompile Include="LinkedListFirewallRules.c">
      <Filter>Source Files\LinkedList</Filter>
    </ClCompile>
    <ClCompile Include="NetworkHelperFunctions.c">
      <Filter>Source Files\Network</Filter>
    </ClCompile>
    <ClCompile Include="Interface.c">
      <Filter>Source Files</Filter>
    </ClCompile>
    <ClCompile Include="LinkedListTargetSystems.c">
      <Filter>Source Files\LinkedList</Filter>
    </ClCompile>
    <ClCompile Include="ModePcap.c">
      <Filter>Source Files\Modes</Filter>
    </ClCompile>
    <ClCompile Include="PacketHandlerIPv4Forwarding.c">
      <Filter>Source Files</Filter>
    </ClCompile>
    <ClCompile Include="ModeRouterIPv4.c">
      <Filter>Source Files\Modes</Filter>
    </ClCompile>
  </ItemGroup>
  <ItemGroup>
    <ClInclude Include="getopt.h">
      <Filter>Header Files</Filter>
    </ClInclude>
    <ClInclude Include="RouterIPv4.h">
      <Filter>Header Files</Filter>
    </ClInclude>
    <ClInclude Include="Logging.h">
      <Filter>Header Files\Logging</Filter>
    </ClInclude>
    <ClInclude Include="LinkedListTargetSystems.h">
      <Filter>Header Files\LinkedList</Filter>
    </ClInclude>
    <ClInclude Include="NetworkStructs.h">
      <Filter>Header Files\Network</Filter>
    </ClInclude>
    <ClInclude Include="LinkedListFirewallRules.h">
      <Filter>Header Files\LinkedList</Filter>
    </ClInclude>
    <ClInclude Include="Config.h">
      <Filter>Header Files</Filter>
    </ClInclude>
    <ClInclude Include="NetworkHelperFunctions.h">
      <Filter>Header Files\Network</Filter>
    </ClInclude>
    <ClInclude Include="Interface.h">
      <Filter>Header Files</Filter>
    </ClInclude>
    <ClInclude Include="ModePcap.h">
      <Filter>Header Files\Modes</Filter>
    </ClInclude>
    <ClInclude Include="PacketHandlerIPv4Forwarding.h">
      <Filter>Header Files</Filter>
    </ClInclude>
    <ClInclude Include="ModeRouterIPv4.h">
      <Filter>Header Files\Modes</Filter>
    </ClInclude>
  </ItemGroup>
</Project>