<?xml version="1.0" encoding="utf-8"?>
<Project ToolsVersion="4.0" xmlns="http://schemas.microsoft.com/developer/msbuild/2003">
  <ItemGroup>
    <ClCompile Include="APE.c" />
    <ClCompile Include="getopt.c" />
    <ClCompile Include="DnsHelper.c">
      <Filter>Source files\DnsPoisoning</Filter>
    </ClCompile>
    <ClCompile Include="DnsPoisoning.c">
      <Filter>Source files\DnsPoisoning</Filter>
    </ClCompile>
    <ClCompile Include="LinkedListFirewallRules.c">
      <Filter>Source files\LinkedList</Filter>
    </ClCompile>
    <ClCompile Include="LinkedListSpoofedDnsHosts.c">
      <Filter>Source files\LinkedList</Filter>
    </ClCompile>
    <ClCompile Include="LinkedListSystems.c">
      <Filter>Source files\LinkedList</Filter>
    </ClCompile>
    <ClCompile Include="ArpPoisoning.c">
      <Filter>Source files\ArpPoisoning</Filter>
    </ClCompile>
    <ClCompile Include="Interface.c">
      <Filter>Source files</Filter>
    </ClCompile>
    <ClCompile Include="PacketProxy.c">
      <Filter>Source files</Filter>
    </ClCompile>
    <ClCompile Include="SLRE.c">
      <Filter>Source files</Filter>
    </ClCompile>
    <ClCompile Include="DnsForge.c">
      <Filter>Source files\DnsPoisoning</Filter>
    </ClCompile>
    <ClCompile Include="DnsRequestSpoofing.c">
      <Filter>Source files\DnsPoisoning</Filter>
    </ClCompile>
    <ClCompile Include="DnsResponseSpoofing.c">
      <Filter>Source files\DnsPoisoning</Filter>
    </ClCompile>
    <ClCompile Include="ModeDePoisoning.c">
      <Filter>Source files\Modes</Filter>
    </ClCompile>
    <ClCompile Include="ModeMITM.c">
      <Filter>Source files\Modes</Filter>
    </ClCompile>
    <ClCompile Include="ModePcap.c">
      <Filter>Source files\Modes</Filter>
    </ClCompile>
    <ClCompile Include="Logging.c">
      <Filter>Source files\Logging</Filter>
    </ClCompile>
    <ClCompile Include="Config.c">
      <Filter>Source files</Filter>
    </ClCompile>
    <ClCompile Include="NetworkHelperFunctions.c">
      <Filter>Source files\Network</Filter>
    </ClCompile>
  </ItemGroup>
  <ItemGroup>
    <ClInclude Include="APE.h">
      <Filter>Header files</Filter>
    </ClInclude>
    <ClInclude Include="getopt.h">
      <Filter>Header files</Filter>
    </ClInclude>
    <ClInclude Include="Interface.h">
      <Filter>Header files</Filter>
    </ClInclude>
    <ClInclude Include="PacketProxy.h">
      <Filter>Header files</Filter>
    </ClInclude>
    <ClInclude Include="SLRE.h">
      <Filter>Header files</Filter>
    </ClInclude>
    <ClInclude Include="DnsForge.h">
      <Filter>Header files\DnsPoisoning</Filter>
    </ClInclude>
    <ClInclude Include="DnsHelper.h">
      <Filter>Header files\DnsPoisoning</Filter>
    </ClInclude>
    <ClInclude Include="DnsPoisoning.h">
      <Filter>Header files\DnsPoisoning</Filter>
    </ClInclude>
    <ClInclude Include="DnsStructs.h">
      <Filter>Header files\DnsPoisoning</Filter>
    </ClInclude>
    <ClInclude Include="LinkedListSystems.h">
      <Filter>Header files\LinkedList</Filter>
    </ClInclude>
    <ClInclude Include="LinkedListFirewallRules.h">
      <Filter>Header files\LinkedList</Filter>
    </ClInclude>
    <ClInclude Include="LinkedListSpoofedDnsHosts.h">
      <Filter>Header files\LinkedList</Filter>
    </ClInclude>
    <ClInclude Include="ArpPoisoning.h">
      <Filter>Header files</Filter>
    </ClInclude>
    <ClInclude Include="DnsRequestSpoofing.h">
      <Filter>Header files\DnsPoisoning</Filter>
    </ClInclude>
    <ClInclude Include="DnsResponseSpoofing.h">
      <Filter>Header files\DnsPoisoning</Filter>
    </ClInclude>
    <ClInclude Include="Logging.h">
      <Filter>Header files\Logging</Filter>
    </ClInclude>
    <ClInclude Include="ModePcap.h">
      <Filter>Header files\Modes</Filter>
    </ClInclude>
    <ClInclude Include="ModeDePoisoning.h">
      <Filter>Header files\Modes</Filter>
    </ClInclude>
    <ClInclude Include="ModeMITM.h">
      <Filter>Header files\Modes</Filter>
    </ClInclude>
    <ClInclude Include="Config.h">
      <Filter>Header files</Filter>
    </ClInclude>
    <ClInclude Include="NetworkStructs.h">
      <Filter>Header files\Network</Filter>
    </ClInclude>
    <ClInclude Include="NetworkHelperFunctions.h">
      <Filter>Header files\Network</Filter>
    </ClInclude>
  </ItemGroup>
  <ItemGroup>
    <None Include="packages.config" />
  </ItemGroup>
  <ItemGroup>
    <Filter Include="Header files">
      <UniqueIdentifier>{fbec2556-9d1b-4a31-b5ee-d062a0895873}</UniqueIdentifier>
    </Filter>
    <Filter Include="Source files">
      <UniqueIdentifier>{581cb34b-4fa5-4564-bb32-9f7998ab37ef}</UniqueIdentifier>
    </Filter>
    <Filter Include="Header files\LinkedList">
      <UniqueIdentifier>{73ba6cb7-eaee-40a7-8616-9c49715bc8b3}</UniqueIdentifier>
    </Filter>
    <Filter Include="Source files\LinkedList">
      <UniqueIdentifier>{136ad946-cef1-4045-a54f-05fedca616ea}</UniqueIdentifier>
    </Filter>
    <Filter Include="Source files\ArpPoisoning">
      <UniqueIdentifier>{8c72eaa0-5c26-49c4-8fd3-72d62116f743}</UniqueIdentifier>
    </Filter>
    <Filter Include="Header files\DnsPoisoning">
      <UniqueIdentifier>{d0466b33-c10a-486a-81e6-b4a435285bcd}</UniqueIdentifier>
    </Filter>
    <Filter Include="Source files\DnsPoisoning">
      <UniqueIdentifier>{92068d20-1442-49ea-aa07-03c7b4d66315}</UniqueIdentifier>
    </Filter>
    <Filter Include="Source files\Logging">
      <UniqueIdentifier>{fb0b2fb3-cf3e-4742-8a77-7de002e6766f}</UniqueIdentifier>
    </Filter>
    <Filter Include="Header files\Logging">
      <UniqueIdentifier>{2f95d1f5-225d-4cac-b262-c3fb437cdafa}</UniqueIdentifier>
    </Filter>
    <Filter Include="Source files\Modes">
      <UniqueIdentifier>{f0c27761-12ea-4594-80f5-6db3a6066980}</UniqueIdentifier>
    </Filter>
    <Filter Include="Header files\Modes">
      <UniqueIdentifier>{6fce116e-f826-4984-b88f-0ac7779bd073}</UniqueIdentifier>
    </Filter>
    <Filter Include="Source files\Network">
      <UniqueIdentifier>{0ca1477f-69ca-4ac5-b1c0-62091eab2dc7}</UniqueIdentifier>
    </Filter>
    <Filter Include="Header files\Network">
      <UniqueIdentifier>{078d708a-53c7-40a7-8124-942e3adb7370}</UniqueIdentifier>
    </Filter>
  </ItemGroup>
</Project>