<?xml version="1.0" encoding="utf-8"?>
<Project ToolsVersion="4.0" xmlns="http://schemas.microsoft.com/developer/msbuild/2003">
  <ItemGroup>
    <ClCompile Include="APE.c" />
    <ClCompile Include="getopt.c" />
    <ClCompile Include="DnsHelper.c">
      <Filter>Source files\DnsPoisoning</Filter>
    </ClCompile>
    <ClCompile Include="DnsPoisoning.c">
      <Filter>Source files\DnsPoisoning</Filter>
    </ClCompile>
    <ClCompile Include="DnsResponsePoisoning.c">
      <Filter>Source files\DnsPoisoning</Filter>
    </ClCompile>
    <ClCompile Include="LinkedListFirewallRules.c">
      <Filter>Source files\LinkedList</Filter>
    </ClCompile>
    <ClCompile Include="LinkedListHttpInjections.c">
      <Filter>Source files\LinkedList</Filter>
    </ClCompile>
    <ClCompile Include="LinkedListSpoofedDnsHosts.c">
      <Filter>Source files\LinkedList</Filter>
    </ClCompile>
    <ClCompile Include="LinkedListSystems.c">
      <Filter>Source files\LinkedList</Filter>
    </ClCompile>
    <ClCompile Include="ArpDepoisoning.c">
      <Filter>Source files\ArpPoisoning</Filter>
    </ClCompile>
    <ClCompile Include="ArpPoisoning.c">
      <Filter>Source files\ArpPoisoning</Filter>
    </ClCompile>
    <ClCompile Include="DnsRequestPoisoning.c">
      <Filter>Source files\DnsPoisoning</Filter>
    </ClCompile>
    <ClCompile Include="HttpInjection.c">
      <Filter>Source files\HttpPoisoning</Filter>
    </ClCompile>
    <ClCompile Include="Interface.c">
      <Filter>Source files</Filter>
    </ClCompile>
    <ClCompile Include="NetworkFunctions.c">
      <Filter>Source files</Filter>
    </ClCompile>
    <ClCompile Include="PacketProxy.c">
      <Filter>Source files</Filter>
    </ClCompile>
    <ClCompile Include="SLRE.c">
      <Filter>Source files</Filter>
    </ClCompile>
    <ClCompile Include="DnsForge.c">
      <Filter>Source files\DnsPoisoning</Filter>
    </ClCompile>
    <ClCompile Include="NetworkPackets.c">
      <Filter>Source files</Filter>
    </ClCompile>
  </ItemGroup>
  <ItemGroup>
    <ClInclude Include="APE.h">
      <Filter>Header files</Filter>
    </ClInclude>
    <ClInclude Include="getopt.h">
      <Filter>Header files</Filter>
    </ClInclude>
    <ClInclude Include="Interface.h">
      <Filter>Header files</Filter>
    </ClInclude>
    <ClInclude Include="NetworkFunctions.h">
      <Filter>Header files</Filter>
    </ClInclude>
    <ClInclude Include="PacketProxy.h">
      <Filter>Header files</Filter>
    </ClInclude>
    <ClInclude Include="SLRE.h">
      <Filter>Header files</Filter>
    </ClInclude>
    <ClInclude Include="DnsForge.h">
      <Filter>Header files\DnsPoisoning</Filter>
    </ClInclude>
    <ClInclude Include="DnsHelper.h">
      <Filter>Header files\DnsPoisoning</Filter>
    </ClInclude>
    <ClInclude Include="DnsPoisoning.h">
      <Filter>Header files\DnsPoisoning</Filter>
    </ClInclude>
    <ClInclude Include="DnsRequestPoisoning.h">
      <Filter>Header files\DnsPoisoning</Filter>
    </ClInclude>
    <ClInclude Include="DnsResponsePoisoning.h">
      <Filter>Header files\DnsPoisoning</Filter>
    </ClInclude>
    <ClInclude Include="DnsStructs.h">
      <Filter>Header files\DnsPoisoning</Filter>
    </ClInclude>
    <ClInclude Include="Dns.h">
      <Filter>Header files\DnsPoisoning</Filter>
    </ClInclude>
    <ClInclude Include="NetDns.h">
      <Filter>Header files\DnsPoisoning</Filter>
    </ClInclude>
    <ClInclude Include="LinkedListSystems.h">
      <Filter>Header files\LinkedList</Filter>
    </ClInclude>
    <ClInclude Include="LinkedListFirewallRules.h">
      <Filter>Header files\LinkedList</Filter>
    </ClInclude>
    <ClInclude Include="LinkedListHttpInjections.h">
      <Filter>Header files\LinkedList</Filter>
    </ClInclude>
    <ClInclude Include="LinkedListSpoofedDnsHosts.h">
      <Filter>Header files\LinkedList</Filter>
    </ClInclude>
    <ClInclude Include="HttpPoisoning.h">
      <Filter>Header files\HttpPoisoning</Filter>
    </ClInclude>
    <ClInclude Include="ArpPoisoning.h">
      <Filter>Header files</Filter>
    </ClInclude>
    <ClInclude Include="NetworkPackets.h">
      <Filter>Header files</Filter>
    </ClInclude>
  </ItemGroup>
  <ItemGroup>
    <None Include="packages.config" />
  </ItemGroup>
  <ItemGroup>
    <Filter Include="Header files">
      <UniqueIdentifier>{fbec2556-9d1b-4a31-b5ee-d062a0895873}</UniqueIdentifier>
    </Filter>
    <Filter Include="Source files">
      <UniqueIdentifier>{581cb34b-4fa5-4564-bb32-9f7998ab37ef}</UniqueIdentifier>
    </Filter>
    <Filter Include="Header files\LinkedList">
      <UniqueIdentifier>{73ba6cb7-eaee-40a7-8616-9c49715bc8b3}</UniqueIdentifier>
    </Filter>
    <Filter Include="Source files\LinkedList">
      <UniqueIdentifier>{136ad946-cef1-4045-a54f-05fedca616ea}</UniqueIdentifier>
    </Filter>
    <Filter Include="Source files\ArpPoisoning">
      <UniqueIdentifier>{8c72eaa0-5c26-49c4-8fd3-72d62116f743}</UniqueIdentifier>
    </Filter>
    <Filter Include="Source files\HttpPoisoning">
      <UniqueIdentifier>{0753737b-11fe-4c29-aca4-10f1931b3b74}</UniqueIdentifier>
    </Filter>
    <Filter Include="Header files\HttpPoisoning">
      <UniqueIdentifier>{d756408a-3fa3-4252-a42d-178482431728}</UniqueIdentifier>
    </Filter>
    <Filter Include="Header files\DnsPoisoning">
      <UniqueIdentifier>{d0466b33-c10a-486a-81e6-b4a435285bcd}</UniqueIdentifier>
    </Filter>
    <Filter Include="Source files\DnsPoisoning">
      <UniqueIdentifier>{92068d20-1442-49ea-aa07-03c7b4d66315}</UniqueIdentifier>
    </Filter>
  </ItemGroup>
</Project>